
Microsoft Visual Studio Solution File, Format Version 12.00
# Visual Studio Version 17
VisualStudioVersion = 17.12.35527.113
MinimumVisualStudioVersion = 10.0.40219.1
Project("{2150E333-8FDC-42A3-9474-1A3956D46DE8}") = "src", "src", "{2A592249-F818-4FC3-83B4-BB76B22F9812}"
EndProject
Project("{FAE04EC0-301F-11D3-BF4B-00C04F79EFBC}") = "TesteIbmMQ.Domain", "src\TesteIbmMQ.Domain\TesteIbmMQ.Domain.csproj", "{0967D273-7AAF-486F-8739-5CF5CC52C8DC}"
EndProject
Project("{FAE04EC0-301F-11D3-BF4B-00C04F79EFBC}") = "TesteIbmMQ.CrossCutting", "src\TesteIbmMQ.CrossCutting\TesteIbmMQ.CrossCutting.csproj", "{B6995F24-DA6F-4860-8748-F0B4798D8F76}"
EndProject
Project("{FAE04EC0-301F-11D3-BF4B-00C04F79EFBC}") = "TesteIbmMQ.Application", "src\TesteIbmMQ.Application\TesteIbmMQ.Application.csproj", "{D7372BEF-2632-441D-B14D-B5F9FC91DBE1}"
EndProject
Project("{FAE04EC0-301F-11D3-BF4B-00C04F79EFBC}") = "TesteIbmMQ.Worker", "src\TesteIbmMQ.Worker\TesteIbmMQ.Worker.csproj", "{D23FF4F3-CBAF-43F5-AFB2-314414E98D5A}"
EndProject
Project("{FAE04EC0-301F-11D3-BF4B-00C04F79EFBC}") = "TesteIbmMQ.Infraestructure", "src\TesteIbmMQ.Infraestructure\TesteIbmMQ.Infraestructure.csproj", "{F1C3F0B3-FCF4-41C4-ADB7-BFF81057532C}"
EndProject
Project("{FAE04EC0-301F-11D3-BF4B-00C04F79EFBC}") = "IbmMQTestApp", "src\IbmMQTestApp\IbmMQTestApp.csproj", "{B63B9A0B-7937-4AC3-8C51-E904B6AA7504}"
EndProject
Global
	GlobalSection(SolutionConfigurationPlatforms) = preSolution
		Debug|Any CPU = Debug|Any CPU
		Release|Any CPU = Release|Any CPU
	EndGlobalSection
	GlobalSection(ProjectConfigurationPlatforms) = postSolution
		{0967D273-7AAF-486F-8739-5CF5CC52C8DC}.Debug|Any CPU.ActiveCfg = Debug|Any CPU
		{0967D273-7AAF-486F-8739-5CF5CC52C8DC}.Debug|Any CPU.Build.0 = Debug|Any CPU
		{0967D273-7AAF-486F-8739-5CF5CC52C8DC}.Release|Any CPU.ActiveCfg = Release|Any CPU
		{0967D273-7AAF-486F-8739-5CF5CC52C8DC}.Release|Any CPU.Build.0 = Release|Any CPU
		{B6995F24-DA6F-4860-8748-F0B4798D8F76}.Debug|Any CPU.ActiveCfg = Debug|Any CPU
		{B6995F24-DA6F-4860-8748-F0B4798D8F76}.Debug|Any CPU.Build.0 = Debug|Any CPU
		{B6995F24-DA6F-4860-8748-F0B4798D8F76}.Release|Any CPU.ActiveCfg = Release|Any CPU
		{B6995F24-DA6F-4860-8748-F0B4798D8F76}.Release|Any CPU.Build.0 = Release|Any CPU
		{D7372BEF-2632-441D-B14D-B5F9FC91DBE1}.Debug|Any CPU.ActiveCfg = Debug|Any CPU
		{D7372BEF-2632-441D-B14D-B5F9FC91DBE1}.Debug|Any CPU.Build.0 = Debug|Any CPU
		{D7372BEF-2632-441D-B14D-B5F9FC91DBE1}.Release|Any CPU.ActiveCfg = Release|Any CPU
		{D7372BEF-2632-441D-B14D-B5F9FC91DBE1}.Release|Any CPU.Build.0 = Release|Any CPU
		{D23FF4F3-CBAF-43F5-AFB2-314414E98D5A}.Debug|Any CPU.ActiveCfg = Debug|Any CPU
		{D23FF4F3-CBAF-43F5-AFB2-314414E98D5A}.Debug|Any CPU.Build.0 = Debug|Any CPU
		{D23FF4F3-CBAF-43F5-AFB2-314414E98D5A}.Release|Any CPU.ActiveCfg = Release|Any CPU
		{D23FF4F3-CBAF-43F5-AFB2-314414E98D5A}.Release|Any CPU.Build.0 = Release|Any CPU
		{F1C3F0B3-FCF4-41C4-ADB7-BFF81057532C}.Debug|Any CPU.ActiveCfg = Debug|Any CPU
		{F1C3F0B3-FCF4-41C4-ADB7-BFF81057532C}.Debug|Any CPU.Build.0 = Debug|Any CPU
		{F1C3F0B3-FCF4-41C4-ADB7-BFF81057532C}.Release|Any CPU.ActiveCfg = Release|Any CPU
		{F1C3F0B3-FCF4-41C4-ADB7-BFF81057532C}.Release|Any CPU.Build.0 = Release|Any CPU
		{B63B9A0B-7937-4AC3-8C51-E904B6AA7504}.Debug|Any CPU.ActiveCfg = Debug|Any CPU
		{B63B9A0B-7937-4AC3-8C51-E904B6AA7504}.Debug|Any CPU.Build.0 = Debug|Any CPU
		{B63B9A0B-7937-4AC3-8C51-E904B6AA7504}.Release|Any CPU.ActiveCfg = Release|Any CPU
		{B63B9A0B-7937-4AC3-8C51-E904B6AA7504}.Release|Any CPU.Build.0 = Release|Any CPU
	EndGlobalSection
	GlobalSection(SolutionProperties) = preSolution
		HideSolutionNode = FALSE
	EndGlobalSection
	GlobalSection(NestedProjects) = preSolution
		{0967D273-7AAF-486F-8739-5CF5CC52C8DC} = {2A592249-F818-4FC3-83B4-BB76B22F9812}
		{B6995F24-DA6F-4860-8748-F0B4798D8F76} = {2A592249-F818-4FC3-83B4-BB76B22F9812}
		{D7372BEF-2632-441D-B14D-B5F9FC91DBE1} = {2A592249-F818-4FC3-83B4-BB76B22F9812}
		{D23FF4F3-CBAF-43F5-AFB2-314414E98D5A} = {2A592249-F818-4FC3-83B4-BB76B22F9812}
		{F1C3F0B3-FCF4-41C4-ADB7-BFF81057532C} = {2A592249-F818-4FC3-83B4-BB76B22F9812}
		{B63B9A0B-7937-4AC3-8C51-E904B6AA7504} = {2A592249-F818-4FC3-83B4-BB76B22F9812}
	EndGlobalSection
EndGlobal
