
Microsoft Visual Studio Solution File, Format Version 12.00
# Visual Studio Version 17
VisualStudioVersion = 17.12.35527.113 d17.12
MinimumVisualStudioVersion = 10.0.40219.1
Project("{FAE04EC0-301F-11D3-BF4B-00C04F79EFBC}") = "TesteIbmMQ.Worker", "TesteIbmMQ\TesteIbmMQ.Worker.csproj", "{F06552AE-8989-4873-9BDF-27288C47450E}"
EndProject
Project("{FAE04EC0-301F-11D3-BF4B-00C04F79EFBC}") = "TesteIbmMQ.Domain", "TesteIbmMQ.Domain\TesteIbmMQ.Domain.csproj", "{A7D8C636-20A8-47A9-862B-DC9972235591}"
EndProject
Project("{FAE04EC0-301F-11D3-BF4B-00C04F79EFBC}") = "TesteIbmMQ.Infraestructure", "TesteIbmMQ.Infraestructure\TesteIbmMQ.Infraestructure.csproj", "{CB9D4C27-3A9C-4810-B0CD-A8E5C71CB7F8}"
EndProject
Project("{FAE04EC0-301F-11D3-BF4B-00C04F79EFBC}") = "TesteIbmMQ.CrossCutting", "TesteIbmMQ.CrossCutting\TesteIbmMQ.CrossCutting.csproj", "{348F13F1-EE47-4844-90BC-BEE739B54F04}"
EndProject
Project("{FAE04EC0-301F-11D3-BF4B-00C04F79EFBC}") = "TesteIbmMQ.Application", "TesteIbmMQ.Application\TesteIbmMQ.Application.csproj", "{D6AD54A0-85AB-49B9-ACCD-B2CB036CBDF8}"
EndProject
Global
	GlobalSection(SolutionConfigurationPlatforms) = preSolution
		Debug|Any CPU = Debug|Any CPU
		Release|Any CPU = Release|Any CPU
	EndGlobalSection
	GlobalSection(ProjectConfigurationPlatforms) = postSolution
		{F06552AE-8989-4873-9BDF-27288C47450E}.Debug|Any CPU.ActiveCfg = Debug|Any CPU
		{F06552AE-8989-4873-9BDF-27288C47450E}.Debug|Any CPU.Build.0 = Debug|Any CPU
		{F06552AE-8989-4873-9BDF-27288C47450E}.Release|Any CPU.ActiveCfg = Release|Any CPU
		{F06552AE-8989-4873-9BDF-27288C47450E}.Release|Any CPU.Build.0 = Release|Any CPU
		{A7D8C636-20A8-47A9-862B-DC9972235591}.Debug|Any CPU.ActiveCfg = Debug|Any CPU
		{A7D8C636-20A8-47A9-862B-DC9972235591}.Debug|Any CPU.Build.0 = Debug|Any CPU
		{A7D8C636-20A8-47A9-862B-DC9972235591}.Release|Any CPU.ActiveCfg = Release|Any CPU
		{A7D8C636-20A8-47A9-862B-DC9972235591}.Release|Any CPU.Build.0 = Release|Any CPU
		{CB9D4C27-3A9C-4810-B0CD-A8E5C71CB7F8}.Debug|Any CPU.ActiveCfg = Debug|Any CPU
		{CB9D4C27-3A9C-4810-B0CD-A8E5C71CB7F8}.Debug|Any CPU.Build.0 = Debug|Any CPU
		{CB9D4C27-3A9C-4810-B0CD-A8E5C71CB7F8}.Release|Any CPU.ActiveCfg = Release|Any CPU
		{CB9D4C27-3A9C-4810-B0CD-A8E5C71CB7F8}.Release|Any CPU.Build.0 = Release|Any CPU
		{348F13F1-EE47-4844-90BC-BEE739B54F04}.Debug|Any CPU.ActiveCfg = Debug|Any CPU
		{348F13F1-EE47-4844-90BC-BEE739B54F04}.Debug|Any CPU.Build.0 = Debug|Any CPU
		{348F13F1-EE47-4844-90BC-BEE739B54F04}.Release|Any CPU.ActiveCfg = Release|Any CPU
		{348F13F1-EE47-4844-90BC-BEE739B54F04}.Release|Any CPU.Build.0 = Release|Any CPU
		{D6AD54A0-85AB-49B9-ACCD-B2CB036CBDF8}.Debug|Any CPU.ActiveCfg = Debug|Any CPU
		{D6AD54A0-85AB-49B9-ACCD-B2CB036CBDF8}.Debug|Any CPU.Build.0 = Debug|Any CPU
		{D6AD54A0-85AB-49B9-ACCD-B2CB036CBDF8}.Release|Any CPU.ActiveCfg = Release|Any CPU
		{D6AD54A0-85AB-49B9-ACCD-B2CB036CBDF8}.Release|Any CPU.Build.0 = Release|Any CPU
	EndGlobalSection
	GlobalSection(SolutionProperties) = preSolution
		HideSolutionNode = FALSE
	EndGlobalSection
EndGlobal
